
Microsoft Visual Studio Solution File, Format Version 12.00
# Visual Studio Version 17
VisualStudioVersion = 17.11.35312.102
MinimumVisualStudioVersion = 10.0.40219.1
Project("{8BC9CEB8-8B4A-11D0-8D11-00A0C91BC942}") = "DES", "DES\DES.vcxproj", "{968B13A4-6765-4AE4-8F72-CCD6933C22B8}"
EndProject
Global
	GlobalSection(SolutionConfigurationPlatforms) = preSolution
		Debug|x64 = Debug|x64
		Debug|x86 = Debug|x86
		Release|x64 = Release|x64
		Release|x86 = Release|x86
	EndGlobalSection
	GlobalSection(ProjectConfigurationPlatforms) = postSolution
		{968B13A4-6765-4AE4-8F72-CCD6933C22B8}.Debug|x64.ActiveCfg = Debug|x64
		{968B13A4-6765-4AE4-8F72-CCD6933C22B8}.Debug|x64.Build.0 = Debug|x64
		{968B13A4-6765-4AE4-8F72-CCD6933C22B8}.Debug|x86.ActiveCfg = Debug|Win32
		{968B13A4-6765-4AE4-8F72-CCD6933C22B8}.Debug|x86.Build.0 = Debug|Win32
		{968B13A4-6765-4AE4-8F72-CCD6933C22B8}.Release|x64.ActiveCfg = Release|x64
		{968B13A4-6765-4AE4-8F72-CCD6933C22B8}.Release|x64.Build.0 = Release|x64
		{968B13A4-6765-4AE4-8F72-CCD6933C22B8}.Release|x86.ActiveCfg = Release|Win32
		{968B13A4-6765-4AE4-8F72-CCD6933C22B8}.Release|x86.Build.0 = Release|Win32
	EndGlobalSection
	GlobalSection(SolutionProperties) = preSolution
		HideSolutionNode = FALSE
	EndGlobalSection
	GlobalSection(ExtensibilityGlobals) = postSolution
		SolutionGuid = {F5EC3805-A7D6-4CDA-8B64-668F8A645ACA}
	EndGlobalSection
EndGlobal
